
Microsoft Visual Studio Solution File, Format Version 12.00
# Visual Studio Version 16
VisualStudioVersion = 25.0.1706.6
MinimumVisualStudioVersion = 10.0.40219.1
Project("{FAE04EC0-301F-11D3-BF4B-00C04F79EFBC}") = "28278_Stack2", "28278_Stack2\28278_Stack2.csproj", "{1083A11D-0FDE-41FB-8F24-17D56F85A716}"
EndProject
Global
	GlobalSection(SolutionConfigurationPlatforms) = preSolution
		Debug|Any CPU = Debug|Any CPU
		Release|Any CPU = Release|Any CPU
	EndGlobalSection
	GlobalSection(ProjectConfigurationPlatforms) = postSolution
		{1083A11D-0FDE-41FB-8F24-17D56F85A716}.Debug|Any CPU.ActiveCfg = Debug|Any CPU
		{1083A11D-0FDE-41FB-8F24-17D56F85A716}.Debug|Any CPU.Build.0 = Debug|Any CPU
		{1083A11D-0FDE-41FB-8F24-17D56F85A716}.Release|Any CPU.ActiveCfg = Release|Any CPU
		{1083A11D-0FDE-41FB-8F24-17D56F85A716}.Release|Any CPU.Build.0 = Release|Any CPU
	EndGlobalSection
	GlobalSection(SolutionProperties) = preSolution
		HideSolutionNode = FALSE
	EndGlobalSection
	GlobalSection(ExtensibilityGlobals) = postSolution
		SolutionGuid = {384CE742-5324-4852-8F23-A2B7D58C4305}
	EndGlobalSection
EndGlobal
