
Microsoft Visual Studio Solution File, Format Version 12.00
# Visual Studio Version 16
VisualStudioVersion = 25.0.1706.6
MinimumVisualStudioVersion = 10.0.40219.1
Project("{FAE04EC0-301F-11D3-BF4B-00C04F79EFBC}") = "1002_어린왕자", "1002_어린왕자\1002_어린왕자.csproj", "{1AB0AA24-691E-4D40-829F-7F14C4E07616}"
EndProject
Global
	GlobalSection(SolutionConfigurationPlatforms) = preSolution
		Debug|Any CPU = Debug|Any CPU
		Release|Any CPU = Release|Any CPU
	EndGlobalSection
	GlobalSection(ProjectConfigurationPlatforms) = postSolution
		{1AB0AA24-691E-4D40-829F-7F14C4E07616}.Debug|Any CPU.ActiveCfg = Debug|Any CPU
		{1AB0AA24-691E-4D40-829F-7F14C4E07616}.Debug|Any CPU.Build.0 = Debug|Any CPU
		{1AB0AA24-691E-4D40-829F-7F14C4E07616}.Release|Any CPU.ActiveCfg = Release|Any CPU
		{1AB0AA24-691E-4D40-829F-7F14C4E07616}.Release|Any CPU.Build.0 = Release|Any CPU
	EndGlobalSection
	GlobalSection(SolutionProperties) = preSolution
		HideSolutionNode = FALSE
	EndGlobalSection
	GlobalSection(ExtensibilityGlobals) = postSolution
		SolutionGuid = {04375198-8E76-4F28-9D59-4BD1AB152B91}
	EndGlobalSection
EndGlobal
